{
  "name": "nvim",
  "lockfileVersion": 2,
  "requires": true,
  "packages": {
    "": {
      "dependencies": {
        "lua": "^0.0.1"
      }
    },
    "node_modules/lua": {
      "version": "0.0.1",
      "resolved": "https://registry.npmjs.org/lua/-/lua-0.0.1.tgz",
      "integrity": "sha1-uh2yItSfzXnMG0jd2A/nX1eXeL8=",
      "hasInstallScript": true,
      "engines": {
        "node": "*"
      }
    }
  },
  "dependencies": {
    "lua": {
      "version": "0.0.1",
      "resolved": "https://registry.npmjs.org/lua/-/lua-0.0.1.tgz",
      "integrity": "sha1-uh2yItSfzXnMG0jd2A/nX1eXeL8="
    }
  }
}
